// !$*UTF8*$!
{
	archiveVersion = 1;
	classes = {
	};
	objectVersion = 46;
	objects = {

/* Begin PBXBuildFile section */
		C4130DAC1D40AC0C00AB673F /* main.cpp in Sources */ = {isa = PBXBuildFile; fileRef = C4130DAB1D40AC0C00AB673F /* main.cpp */; };
		C4130DB71D40BE9800AB673F /* main.cpp in Sources */ = {isa = PBXBuildFile; fileRef = C4130DB61D40BE9800AB673F /* main.cpp */; };
		C44BB8411D45BB150058B979 /* main.cpp in Sources */ = {isa = PBXBuildFile; fileRef = C44BB8401D45BB150058B979 /* main.cpp */; };
		C44BB84C1D45E77B0058B979 /* main.cpp in Sources */ = {isa = PBXBuildFile; fileRef = C44BB84B1D45E77B0058B979 /* main.cpp */; };
		C44BB8571D46EA390058B979 /* main.cpp in Sources */ = {isa = PBXBuildFile; fileRef = C44BB8561D46EA390058B979 /* main.cpp */; };
		C44BB8621D4729B90058B979 /* main.cpp in Sources */ = {isa = PBXBuildFile; fileRef = C44BB8611D4729B90058B979 /* main.cpp */; };
		C44BB86D1D4743510058B979 /* main.cpp in Sources */ = {isa = PBXBuildFile; fileRef = C44BB86C1D4743510058B979 /* main.cpp */; };
		C44BB8781D4836B10058B979 /* main.cpp in Sources */ = {isa = PBXBuildFile; fileRef = C44BB8771D4836B10058B979 /* main.cpp */; };
		C4D85DBB1D41DF540092E613 /* main.cpp in Sources */ = {isa = PBXBuildFile; fileRef = C4D85DBA1D41DF540092E613 /* main.cpp */; };
		C4D85DC61D41ED7A0092E613 /* main.cpp in Sources */ = {isa = PBXBuildFile; fileRef = C4D85DC51D41ED7A0092E613 /* main.cpp */; };
		C4D85DD11D438B610092E613 /* main.cpp in Sources */ = {isa = PBXBuildFile; fileRef = C4D85DD01D438B610092E613 /* main.cpp */; };
		C4D85DDD1D443F430092E613 /* main.cpp in Sources */ = {isa = PBXBuildFile; fileRef = C4D85DDC1D443F430092E613 /* main.cpp */; };
/* End PBXBuildFile section */

/* Begin PBXCopyFilesBuildPhase section */
		C4130DA71D40AC0C00AB673F /* CopyFiles */ = {
			isa = PBXCopyFilesBuildPhase;
			buildActionMask = 2147483647;
			dstPath = /usr/share/man/man1/;
			dstSubfolderSpec = 0;
			files = (
			);
			runOnlyForDeploymentPostprocessing = 1;
		};
		C4130DB21D40BE9800AB673F /* CopyFiles */ = {
			isa = PBXCopyFilesBuildPhase;
			buildActionMask = 2147483647;
			dstPath = /usr/share/man/man1/;
			dstSubfolderSpec = 0;
			files = (
			);
			runOnlyForDeploymentPostprocessing = 1;
		};
		C44BB83C1D45BB150058B979 /* CopyFiles */ = {
			isa = PBXCopyFilesBuildPhase;
			buildActionMask = 2147483647;
			dstPath = /usr/share/man/man1/;
			dstSubfolderSpec = 0;
			files = (
			);
			runOnlyForDeploymentPostprocessing = 1;
		};
		C44BB8471D45E77B0058B979 /* CopyFiles */ = {
			isa = PBXCopyFilesBuildPhase;
			buildActionMask = 2147483647;
			dstPath = /usr/share/man/man1/;
			dstSubfolderSpec = 0;
			files = (
			);
			runOnlyForDeploymentPostprocessing = 1;
		};
		C44BB8521D46EA390058B979 /* CopyFiles */ = {
			isa = PBXCopyFilesBuildPhase;
			buildActionMask = 2147483647;
			dstPath = /usr/share/man/man1/;
			dstSubfolderSpec = 0;
			files = (
			);
			runOnlyForDeploymentPostprocessing = 1;
		};
		C44BB85D1D4729B90058B979 /* CopyFiles */ = {
			isa = PBXCopyFilesBuildPhase;
			buildActionMask = 2147483647;
			dstPath = /usr/share/man/man1/;
			dstSubfolderSpec = 0;
			files = (
			);
			runOnlyForDeploymentPostprocessing = 1;
		};
		C44BB8681D4743510058B979 /* CopyFiles */ = {
			isa = PBXCopyFilesBuildPhase;
			buildActionMask = 2147483647;
			dstPath = /usr/share/man/man1/;
			dstSubfolderSpec = 0;
			files = (
			);
			runOnlyForDeploymentPostprocessing = 1;
		};
		C44BB8731D4836B10058B979 /* CopyFiles */ = {
			isa = PBXCopyFilesBuildPhase;
			buildActionMask = 2147483647;
			dstPath = /usr/share/man/man1/;
			dstSubfolderSpec = 0;
			files = (
			);
			runOnlyForDeploymentPostprocessing = 1;
		};
		C4D85DB61D41DF540092E613 /* CopyFiles */ = {
			isa = PBXCopyFilesBuildPhase;
			buildActionMask = 2147483647;
			dstPath = /usr/share/man/man1/;
			dstSubfolderSpec = 0;
			files = (
			);
			runOnlyForDeploymentPostprocessing = 1;
		};
		C4D85DC11D41ED7A0092E613 /* CopyFiles */ = {
			isa = PBXCopyFilesBuildPhase;
			buildActionMask = 2147483647;
			dstPath = /usr/share/man/man1/;
			dstSubfolderSpec = 0;
			files = (
			);
			runOnlyForDeploymentPostprocessing = 1;
		};
		C4D85DCC1D438B600092E613 /* CopyFiles */ = {
			isa = PBXCopyFilesBuildPhase;
			buildActionMask = 2147483647;
			dstPath = /usr/share/man/man1/;
			dstSubfolderSpec = 0;
			files = (
			);
			runOnlyForDeploymentPostprocessing = 1;
		};
		C4D85DD81D443F430092E613 /* CopyFiles */ = {
			isa = PBXCopyFilesBuildPhase;
			buildActionMask = 2147483647;
			dstPath = /usr/share/man/man1/;
			dstSubfolderSpec = 0;
			files = (
			);
			runOnlyForDeploymentPostprocessing = 1;
		};
/* End PBXCopyFilesBuildPhase section */

/* Begin PBXFileReference section */
		C4130DA91D40AC0C00AB673F /* 1-Two_Sum */ = {isa = PBXFileReference; explicitFileType = "compiled.mach-o.executable"; includeInIndex = 0; path = "1-Two_Sum"; sourceTree = BUILT_PRODUCTS_DIR; };
		C4130DAB1D40AC0C00AB673F /* main.cpp */ = {isa = PBXFileReference; lastKnownFileType = sourcecode.cpp.cpp; path = main.cpp; sourceTree = "<group>"; };
		C4130DB41D40BE9800AB673F /* 4-Median_of_Two_Sorted_Arrays */ = {isa = PBXFileReference; explicitFileType = "compiled.mach-o.executable"; includeInIndex = 0; path = "4-Median_of_Two_Sorted_Arrays"; sourceTree = BUILT_PRODUCTS_DIR; };
		C4130DB61D40BE9800AB673F /* main.cpp */ = {isa = PBXFileReference; lastKnownFileType = sourcecode.cpp.cpp; path = main.cpp; sourceTree = "<group>"; };
		C44BB83E1D45BB150058B979 /* 26-Remove_Duplicates_from_Sorted_Array */ = {isa = PBXFileReference; explicitFileType = "compiled.mach-o.executable"; includeInIndex = 0; path = "26-Remove_Duplicates_from_Sorted_Array"; sourceTree = BUILT_PRODUCTS_DIR; };
		C44BB8401D45BB150058B979 /* main.cpp */ = {isa = PBXFileReference; lastKnownFileType = sourcecode.cpp.cpp; path = main.cpp; sourceTree = "<group>"; };
		C44BB8491D45E77B0058B979 /* 27-Remove_Element */ = {isa = PBXFileReference; explicitFileType = "compiled.mach-o.executable"; includeInIndex = 0; path = "27-Remove_Element"; sourceTree = BUILT_PRODUCTS_DIR; };
		C44BB84B1D45E77B0058B979 /* main.cpp */ = {isa = PBXFileReference; lastKnownFileType = sourcecode.cpp.cpp; path = main.cpp; sourceTree = "<group>"; };
		C44BB8541D46EA390058B979 /* 31-Next_Permutation */ = {isa = PBXFileReference; explicitFileType = "compiled.mach-o.executable"; includeInIndex = 0; path = "31-Next_Permutation"; sourceTree = BUILT_PRODUCTS_DIR; };
		C44BB8561D46EA390058B979 /* main.cpp */ = {isa = PBXFileReference; lastKnownFileType = sourcecode.cpp.cpp; path = main.cpp; sourceTree = "<group>"; };
		C44BB85F1D4729B90058B979 /* 33-Search_in_Rotated_Sorted_Array */ = {isa = PBXFileReference; explicitFileType = "compiled.mach-o.executable"; includeInIndex = 0; path = "33-Search_in_Rotated_Sorted_Array"; sourceTree = BUILT_PRODUCTS_DIR; };
		C44BB8611D4729B90058B979 /* main.cpp */ = {isa = PBXFileReference; lastKnownFileType = sourcecode.cpp.cpp; path = main.cpp; sourceTree = "<group>"; };
		C44BB86A1D4743510058B979 /* 34_Search_for_a_Range */ = {isa = PBXFileReference; explicitFileType = "compiled.mach-o.executable"; includeInIndex = 0; path = 34_Search_for_a_Range; sourceTree = BUILT_PRODUCTS_DIR; };
		C44BB86C1D4743510058B979 /* main.cpp */ = {isa = PBXFileReference; lastKnownFileType = sourcecode.cpp.cpp; path = main.cpp; sourceTree = "<group>"; };
		C44BB8751D4836B10058B979 /* 35-Search_Insert_Position */ = {isa = PBXFileReference; explicitFileType = "compiled.mach-o.executable"; includeInIndex = 0; path = "35-Search_Insert_Position"; sourceTree = BUILT_PRODUCTS_DIR; };
		C44BB8771D4836B10058B979 /* main.cpp */ = {isa = PBXFileReference; lastKnownFileType = sourcecode.cpp.cpp; path = main.cpp; sourceTree = "<group>"; };
		C4D85DB81D41DF540092E613 /* 11-Container_With_Most_Water */ = {isa = PBXFileReference; explicitFileType = "compiled.mach-o.executable"; includeInIndex = 0; path = "11-Container_With_Most_Water"; sourceTree = BUILT_PRODUCTS_DIR; };
		C4D85DBA1D41DF540092E613 /* main.cpp */ = {isa = PBXFileReference; lastKnownFileType = sourcecode.cpp.cpp; path = main.cpp; sourceTree = "<group>"; };
		C4D85DC31D41ED7A0092E613 /* 15-3Sum */ = {isa = PBXFileReference; explicitFileType = "compiled.mach-o.executable"; includeInIndex = 0; path = "15-3Sum"; sourceTree = BUILT_PRODUCTS_DIR; };
		C4D85DC51D41ED7A0092E613 /* main.cpp */ = {isa = PBXFileReference; lastKnownFileType = sourcecode.cpp.cpp; path = main.cpp; sourceTree = "<group>"; };
		C4D85DCE1D438B600092E613 /* 16-3Sum_Closest */ = {isa = PBXFileReference; explicitFileType = "compiled.mach-o.executable"; includeInIndex = 0; path = "16-3Sum_Closest"; sourceTree = BUILT_PRODUCTS_DIR; };
		C4D85DD01D438B610092E613 /* main.cpp */ = {isa = PBXFileReference; lastKnownFileType = sourcecode.cpp.cpp; path = main.cpp; sourceTree = "<group>"; };
		C4D85DD51D43D0B50092E613 /* README.md */ = {isa = PBXFileReference; lastKnownFileType = net.daringfireball.markdown; path = README.md; sourceTree = "<group>"; };
		C4D85DDA1D443F430092E613 /* 18-4Sum */ = {isa = PBXFileReference; explicitFileType = "compiled.mach-o.executable"; includeInIndex = 0; path = "18-4Sum"; sourceTree = BUILT_PRODUCTS_DIR; };
		C4D85DDC1D443F430092E613 /* main.cpp */ = {isa = PBXFileReference; lastKnownFileType = sourcecode.cpp.cpp; path = main.cpp; sourceTree = "<group>"; };
/* End PBXFileReference section */

/* Begin PBXFrameworksBuildPhase section */
		C4130DA61D40AC0C00AB673F /* Frameworks */ = {
			isa = PBXFrameworksBuildPhase;
			buildActionMask = 2147483647;
			files = (
			);
			runOnlyForDeploymentPostprocessing = 0;
		};
		C4130DB11D40BE9800AB673F /* Frameworks */ = {
			isa = PBXFrameworksBuildPhase;
			buildActionMask = 2147483647;
			files = (
			);
			runOnlyForDeploymentPostprocessing = 0;
		};
		C44BB83B1D45BB150058B979 /* Frameworks */ = {
			isa = PBXFrameworksBuildPhase;
			buildActionMask = 2147483647;
			files = (
			);
			runOnlyForDeploymentPostprocessing = 0;
		};
		C44BB8461D45E77B0058B979 /* Frameworks */ = {
			isa = PBXFrameworksBuildPhase;
			buildActionMask = 2147483647;
			files = (
			);
			runOnlyForDeploymentPostprocessing = 0;
		};
		C44BB8511D46EA390058B979 /* Frameworks */ = {
			isa = PBXFrameworksBuildPhase;
			buildActionMask = 2147483647;
			files = (
			);
			runOnlyForDeploymentPostprocessing = 0;
		};
		C44BB85C1D4729B90058B979 /* Frameworks */ = {
			isa = PBXFrameworksBuildPhase;
			buildActionMask = 2147483647;
			files = (
			);
			runOnlyForDeploymentPostprocessing = 0;
		};
		C44BB8671D4743510058B979 /* Frameworks */ = {
			isa = PBXFrameworksBuildPhase;
			buildActionMask = 2147483647;
			files = (
			);
			runOnlyForDeploymentPostprocessing = 0;
		};
		C44BB8721D4836B10058B979 /* Frameworks */ = {
			isa = PBXFrameworksBuildPhase;
			buildActionMask = 2147483647;
			files = (
			);
			runOnlyForDeploymentPostprocessing = 0;
		};
		C4D85DB51D41DF540092E613 /* Frameworks */ = {
			isa = PBXFrameworksBuildPhase;
			buildActionMask = 2147483647;
			files = (
			);
			runOnlyForDeploymentPostprocessing = 0;
		};
		C4D85DC01D41ED7A0092E613 /* Frameworks */ = {
			isa = PBXFrameworksBuildPhase;
			buildActionMask = 2147483647;
			files = (
			);
			runOnlyForDeploymentPostprocessing = 0;
		};
		C4D85DCB1D438B600092E613 /* Frameworks */ = {
			isa = PBXFrameworksBuildPhase;
			buildActionMask = 2147483647;
			files = (
			);
			runOnlyForDeploymentPostprocessing = 0;
		};
		C4D85DD71D443F430092E613 /* Frameworks */ = {
			isa = PBXFrameworksBuildPhase;
			buildActionMask = 2147483647;
			files = (
			);
			runOnlyForDeploymentPostprocessing = 0;
		};
/* End PBXFrameworksBuildPhase section */

/* Begin PBXGroup section */
		C4130D921D40AA9600AB673F = {
			isa = PBXGroup;
			children = (
				C4D85DD51D43D0B50092E613 /* README.md */,
				C4130DAA1D40AC0C00AB673F /* 1-Two_Sum */,
				C4130DB51D40BE9800AB673F /* 4-Median_of_Two_Sorted_Arrays */,
				C4D85DB91D41DF540092E613 /* 11-Container_With_Most_Water */,
				C4D85DC41D41ED7A0092E613 /* 15-3Sum */,
				C4D85DCF1D438B610092E613 /* 16-3Sum_Closest */,
				C4D85DDB1D443F430092E613 /* 18-4Sum */,
				C44BB83F1D45BB150058B979 /* 26-Remove_Duplicates_from_Sorted_Array */,
				C44BB84A1D45E77B0058B979 /* 27-Remove_Element */,
				C44BB8551D46EA390058B979 /* 31-Next_Permutation */,
				C44BB8601D4729B90058B979 /* 33-Search_in_Rotated_Sorted_Array */,
				C44BB86B1D4743510058B979 /* 34_Search_for_a_Range */,
				C44BB8761D4836B10058B979 /* 35-Search_Insert_Position */,
				C4130D9C1D40AA9600AB673F /* Products */,
			);
			sourceTree = "<group>";
		};
		C4130D9C1D40AA9600AB673F /* Products */ = {
			isa = PBXGroup;
			children = (
				C4130DA91D40AC0C00AB673F /* 1-Two_Sum */,
				C4130DB41D40BE9800AB673F /* 4-Median_of_Two_Sorted_Arrays */,
				C4D85DB81D41DF540092E613 /* 11-Container_With_Most_Water */,
				C4D85DC31D41ED7A0092E613 /* 15-3Sum */,
				C4D85DCE1D438B600092E613 /* 16-3Sum_Closest */,
				C4D85DDA1D443F430092E613 /* 18-4Sum */,
				C44BB83E1D45BB150058B979 /* 26-Remove_Duplicates_from_Sorted_Array */,
				C44BB8491D45E77B0058B979 /* 27-Remove_Element */,
				C44BB8541D46EA390058B979 /* 31-Next_Permutation */,
				C44BB85F1D4729B90058B979 /* 33-Search_in_Rotated_Sorted_Array */,
				C44BB86A1D4743510058B979 /* 34_Search_for_a_Range */,
				C44BB8751D4836B10058B979 /* 35-Search_Insert_Position */,
			);
			name = Products;
			sourceTree = "<group>";
		};
		C4130DAA1D40AC0C00AB673F /* 1-Two_Sum */ = {
			isa = PBXGroup;
			children = (
				C4130DAB1D40AC0C00AB673F /* main.cpp */,
			);
			path = "1-Two_Sum";
			sourceTree = "<group>";
		};
		C4130DB51D40BE9800AB673F /* 4-Median_of_Two_Sorted_Arrays */ = {
			isa = PBXGroup;
			children = (
				C4130DB61D40BE9800AB673F /* main.cpp */,
			);
			path = "4-Median_of_Two_Sorted_Arrays";
			sourceTree = "<group>";
		};
		C44BB83F1D45BB150058B979 /* 26-Remove_Duplicates_from_Sorted_Array */ = {
			isa = PBXGroup;
			children = (
				C44BB8401D45BB150058B979 /* main.cpp */,
			);
			path = "26-Remove_Duplicates_from_Sorted_Array";
			sourceTree = "<group>";
		};
		C44BB84A1D45E77B0058B979 /* 27-Remove_Element */ = {
			isa = PBXGroup;
			children = (
				C44BB84B1D45E77B0058B979 /* main.cpp */,
			);
			path = "27-Remove_Element";
			sourceTree = "<group>";
		};
		C44BB8551D46EA390058B979 /* 31-Next_Permutation */ = {
			isa = PBXGroup;
			children = (
				C44BB8561D46EA390058B979 /* main.cpp */,
			);
			path = "31-Next_Permutation";
			sourceTree = "<group>";
		};
		C44BB8601D4729B90058B979 /* 33-Search_in_Rotated_Sorted_Array */ = {
			isa = PBXGroup;
			children = (
				C44BB8611D4729B90058B979 /* main.cpp */,
			);
			path = "33-Search_in_Rotated_Sorted_Array";
			sourceTree = "<group>";
		};
		C44BB86B1D4743510058B979 /* 34_Search_for_a_Range */ = {
			isa = PBXGroup;
			children = (
				C44BB86C1D4743510058B979 /* main.cpp */,
			);
			path = 34_Search_for_a_Range;
			sourceTree = "<group>";
		};
		C44BB8761D4836B10058B979 /* 35-Search_Insert_Position */ = {
			isa = PBXGroup;
			children = (
				C44BB8771D4836B10058B979 /* main.cpp */,
			);
			path = "35-Search_Insert_Position";
			sourceTree = "<group>";
		};
		C4D85DB91D41DF540092E613 /* 11-Container_With_Most_Water */ = {
			isa = PBXGroup;
			children = (
				C4D85DBA1D41DF540092E613 /* main.cpp */,
			);
			path = "11-Container_With_Most_Water";
			sourceTree = "<group>";
		};
		C4D85DC41D41ED7A0092E613 /* 15-3Sum */ = {
			isa = PBXGroup;
			children = (
				C4D85DC51D41ED7A0092E613 /* main.cpp */,
			);
			path = "15-3Sum";
			sourceTree = "<group>";
		};
		C4D85DCF1D438B610092E613 /* 16-3Sum_Closest */ = {
			isa = PBXGroup;
			children = (
				C4D85DD01D438B610092E613 /* main.cpp */,
			);
			path = "16-3Sum_Closest";
			sourceTree = "<group>";
		};
		C4D85DDB1D443F430092E613 /* 18-4Sum */ = {
			isa = PBXGroup;
			children = (
				C4D85DDC1D443F430092E613 /* main.cpp */,
			);
			path = "18-4Sum";
			sourceTree = "<group>";
		};
/* End PBXGroup section */

/* Begin PBXNativeTarget section */
		C4130DA81D40AC0C00AB673F /* 1-Two_Sum */ = {
			isa = PBXNativeTarget;
			buildConfigurationList = C4130DAD1D40AC0C00AB673F /* Build configuration list for PBXNativeTarget "1-Two_Sum" */;
			buildPhases = (
				C4130DA51D40AC0C00AB673F /* Sources */,
				C4130DA61D40AC0C00AB673F /* Frameworks */,
				C4130DA71D40AC0C00AB673F /* CopyFiles */,
			);
			buildRules = (
			);
			dependencies = (
			);
			name = "1-Two_Sum";
			productName = "1-Two_Sum";
			productReference = C4130DA91D40AC0C00AB673F /* 1-Two_Sum */;
			productType = "com.apple.product-type.tool";
		};
		C4130DB31D40BE9800AB673F /* 4-Median_of_Two_Sorted_Arrays */ = {
			isa = PBXNativeTarget;
			buildConfigurationList = C4130DB81D40BE9800AB673F /* Build configuration list for PBXNativeTarget "4-Median_of_Two_Sorted_Arrays" */;
			buildPhases = (
				C4130DB01D40BE9800AB673F /* Sources */,
				C4130DB11D40BE9800AB673F /* Frameworks */,
				C4130DB21D40BE9800AB673F /* CopyFiles */,
			);
			buildRules = (
			);
			dependencies = (
			);
			name = "4-Median_of_Two_Sorted_Arrays";
			productName = "4-Median_of_Two_Sorted_Arrays";
			productReference = C4130DB41D40BE9800AB673F /* 4-Median_of_Two_Sorted_Arrays */;
			productType = "com.apple.product-type.tool";
		};
		C44BB83D1D45BB150058B979 /* 26-Remove_Duplicates_from_Sorted_Array */ = {
			isa = PBXNativeTarget;
			buildConfigurationList = C44BB8441D45BB150058B979 /* Build configuration list for PBXNativeTarget "26-Remove_Duplicates_from_Sorted_Array" */;
			buildPhases = (
				C44BB83A1D45BB150058B979 /* Sources */,
				C44BB83B1D45BB150058B979 /* Frameworks */,
				C44BB83C1D45BB150058B979 /* CopyFiles */,
			);
			buildRules = (
			);
			dependencies = (
			);
			name = "26-Remove_Duplicates_from_Sorted_Array";
			productName = "26-Remove_Duplicates_from_Sorted_Array";
			productReference = C44BB83E1D45BB150058B979 /* 26-Remove_Duplicates_from_Sorted_Array */;
			productType = "com.apple.product-type.tool";
		};
		C44BB8481D45E77B0058B979 /* 27-Remove_Element */ = {
			isa = PBXNativeTarget;
			buildConfigurationList = C44BB84D1D45E77B0058B979 /* Build configuration list for PBXNativeTarget "27-Remove_Element" */;
			buildPhases = (
				C44BB8451D45E77B0058B979 /* Sources */,
				C44BB8461D45E77B0058B979 /* Frameworks */,
				C44BB8471D45E77B0058B979 /* CopyFiles */,
			);
			buildRules = (
			);
			dependencies = (
			);
			name = "27-Remove_Element";
			productName = "27-Remove_Element";
			productReference = C44BB8491D45E77B0058B979 /* 27-Remove_Element */;
			productType = "com.apple.product-type.tool";
		};
		C44BB8531D46EA390058B979 /* 31-Next_Permutation */ = {
			isa = PBXNativeTarget;
			buildConfigurationList = C44BB8581D46EA390058B979 /* Build configuration list for PBXNativeTarget "31-Next_Permutation" */;
			buildPhases = (
				C44BB8501D46EA390058B979 /* Sources */,
				C44BB8511D46EA390058B979 /* Frameworks */,
				C44BB8521D46EA390058B979 /* CopyFiles */,
			);
			buildRules = (
			);
			dependencies = (
			);
			name = "31-Next_Permutation";
			productName = "31-Next_Permutation";
			productReference = C44BB8541D46EA390058B979 /* 31-Next_Permutation */;
			productType = "com.apple.product-type.tool";
		};
		C44BB85E1D4729B90058B979 /* 33-Search_in_Rotated_Sorted_Array */ = {
			isa = PBXNativeTarget;
			buildConfigurationList = C44BB8631D4729B90058B979 /* Build configuration list for PBXNativeTarget "33-Search_in_Rotated_Sorted_Array" */;
			buildPhases = (
				C44BB85B1D4729B90058B979 /* Sources */,
				C44BB85C1D4729B90058B979 /* Frameworks */,
				C44BB85D1D4729B90058B979 /* CopyFiles */,
			);
			buildRules = (
			);
			dependencies = (
			);
			name = "33-Search_in_Rotated_Sorted_Array";
			productName = "33-Search_in_Rotated_Sorted_Array";
			productReference = C44BB85F1D4729B90058B979 /* 33-Search_in_Rotated_Sorted_Array */;
			productType = "com.apple.product-type.tool";
		};
		C44BB8691D4743510058B979 /* 34_Search_for_a_Range */ = {
			isa = PBXNativeTarget;
			buildConfigurationList = C44BB86E1D4743510058B979 /* Build configuration list for PBXNativeTarget "34_Search_for_a_Range" */;
			buildPhases = (
				C44BB8661D4743510058B979 /* Sources */,
				C44BB8671D4743510058B979 /* Frameworks */,
				C44BB8681D4743510058B979 /* CopyFiles */,
			);
			buildRules = (
			);
			dependencies = (
			);
			name = 34_Search_for_a_Range;
			productName = 34_Search_for_a_Range;
			productReference = C44BB86A1D4743510058B979 /* 34_Search_for_a_Range */;
			productType = "com.apple.product-type.tool";
		};
		C44BB8741D4836B10058B979 /* 35-Search_Insert_Position */ = {
			isa = PBXNativeTarget;
			buildConfigurationList = C44BB8791D4836B10058B979 /* Build configuration list for PBXNativeTarget "35-Search_Insert_Position" */;
			buildPhases = (
				C44BB8711D4836B10058B979 /* Sources */,
				C44BB8721D4836B10058B979 /* Frameworks */,
				C44BB8731D4836B10058B979 /* CopyFiles */,
			);
			buildRules = (
			);
			dependencies = (
			);
			name = "35-Search_Insert_Position";
			productName = "35-Search_Insert_Position";
			productReference = C44BB8751D4836B10058B979 /* 35-Search_Insert_Position */;
			productType = "com.apple.product-type.tool";
		};
		C4D85DB71D41DF540092E613 /* 11-Container_With_Most_Water */ = {
			isa = PBXNativeTarget;
			buildConfigurationList = C4D85DBE1D41DF540092E613 /* Build configuration list for PBXNativeTarget "11-Container_With_Most_Water" */;
			buildPhases = (
				C4D85DB41D41DF540092E613 /* Sources */,
				C4D85DB51D41DF540092E613 /* Frameworks */,
				C4D85DB61D41DF540092E613 /* CopyFiles */,
			);
			buildRules = (
			);
			dependencies = (
			);
			name = "11-Container_With_Most_Water";
			productName = "11-Container_With_Most_Water";
			productReference = C4D85DB81D41DF540092E613 /* 11-Container_With_Most_Water */;
			productType = "com.apple.product-type.tool";
		};
		C4D85DC21D41ED7A0092E613 /* 15-3Sum */ = {
			isa = PBXNativeTarget;
			buildConfigurationList = C4D85DC71D41ED7A0092E613 /* Build configuration list for PBXNativeTarget "15-3Sum" */;
			buildPhases = (
				C4D85DBF1D41ED7A0092E613 /* Sources */,
				C4D85DC01D41ED7A0092E613 /* Frameworks */,
				C4D85DC11D41ED7A0092E613 /* CopyFiles */,
			);
			buildRules = (
			);
			dependencies = (
			);
			name = "15-3Sum";
			productName = "15-3Sum";
			productReference = C4D85DC31D41ED7A0092E613 /* 15-3Sum */;
			productType = "com.apple.product-type.tool";
		};
		C4D85DCD1D438B600092E613 /* 16-3Sum_Closest */ = {
			isa = PBXNativeTarget;
			buildConfigurationList = C4D85DD21D438B610092E613 /* Build configuration list for PBXNativeTarget "16-3Sum_Closest" */;
			buildPhases = (
				C4D85DCA1D438B600092E613 /* Sources */,
				C4D85DCB1D438B600092E613 /* Frameworks */,
				C4D85DCC1D438B600092E613 /* CopyFiles */,
			);
			buildRules = (
			);
			dependencies = (
			);
			name = "16-3Sum_Closest";
			productName = "16-3Sum_Closest";
			productReference = C4D85DCE1D438B600092E613 /* 16-3Sum_Closest */;
			productType = "com.apple.product-type.tool";
		};
		C4D85DD91D443F430092E613 /* 18-4Sum */ = {
			isa = PBXNativeTarget;
			buildConfigurationList = C4D85DE01D443F430092E613 /* Build configuration list for PBXNativeTarget "18-4Sum" */;
			buildPhases = (
				C4D85DD61D443F430092E613 /* Sources */,
				C4D85DD71D443F430092E613 /* Frameworks */,
				C4D85DD81D443F430092E613 /* CopyFiles */,
			);
			buildRules = (
			);
			dependencies = (
			);
			name = "18-4Sum";
			productName = "18-4Sum";
			productReference = C4D85DDA1D443F430092E613 /* 18-4Sum */;
			productType = "com.apple.product-type.tool";
		};
/* End PBXNativeTarget section */

/* Begin PBXProject section */
		C4130D931D40AA9600AB673F /* Project object */ = {
			isa = PBXProject;
			attributes = {
				LastUpgradeCheck = 0730;
				ORGANIZATIONNAME = JackMa;
				TargetAttributes = {
					C4130DA81D40AC0C00AB673F = {
						CreatedOnToolsVersion = 7.3.1;
					};
					C4130DB31D40BE9800AB673F = {
						CreatedOnToolsVersion = 7.3.1;
					};
					C44BB83D1D45BB150058B979 = {
						CreatedOnToolsVersion = 7.3.1;
					};
					C44BB8481D45E77B0058B979 = {
						CreatedOnToolsVersion = 7.3.1;
					};
					C44BB8531D46EA390058B979 = {
						CreatedOnToolsVersion = 7.3.1;
					};
					C44BB85E1D4729B90058B979 = {
						CreatedOnToolsVersion = 7.3.1;
					};
					C44BB8691D4743510058B979 = {
						CreatedOnToolsVersion = 7.3.1;
					};
					C44BB8741D4836B10058B979 = {
						CreatedOnToolsVersion = 7.3.1;
					};
					C4D85DB71D41DF540092E613 = {
						CreatedOnToolsVersion = 7.3.1;
					};
					C4D85DC21D41ED7A0092E613 = {
						CreatedOnToolsVersion = 7.3.1;
					};
					C4D85DCD1D438B600092E613 = {
						CreatedOnToolsVersion = 7.3.1;
					};
					C4D85DD91D443F430092E613 = {
						CreatedOnToolsVersion = 7.3.1;
					};
				};
			};
			buildConfigurationList = C4130D961D40AA9600AB673F /* Build configuration list for PBXProject "LeetCode" */;
			compatibilityVersion = "Xcode 3.2";
			developmentRegion = English;
			hasScannedForEncodings = 0;
			knownRegions = (
				en,
			);
			mainGroup = C4130D921D40AA9600AB673F;
			productRefGroup = C4130D9C1D40AA9600AB673F /* Products */;
			projectDirPath = "";
			projectRoot = "";
			targets = (
				C4130DA81D40AC0C00AB673F /* 1-Two_Sum */,
				C4130DB31D40BE9800AB673F /* 4-Median_of_Two_Sorted_Arrays */,
				C4D85DB71D41DF540092E613 /* 11-Container_With_Most_Water */,
				C4D85DC21D41ED7A0092E613 /* 15-3Sum */,
				C4D85DCD1D438B600092E613 /* 16-3Sum_Closest */,
				C4D85DD91D443F430092E613 /* 18-4Sum */,
				C44BB83D1D45BB150058B979 /* 26-Remove_Duplicates_from_Sorted_Array */,
				C44BB8481D45E77B0058B979 /* 27-Remove_Element */,
				C44BB8531D46EA390058B979 /* 31-Next_Permutation */,
				C44BB85E1D4729B90058B979 /* 33-Search_in_Rotated_Sorted_Array */,
				C44BB8691D4743510058B979 /* 34_Search_for_a_Range */,
				C44BB8741D4836B10058B979 /* 35-Search_Insert_Position */,
			);
		};
/* End PBXProject section */

/* Begin PBXSourcesBuildPhase section */
		C4130DA51D40AC0C00AB673F /* Sources */ = {
			isa = PBXSourcesBuildPhase;
			buildActionMask = 2147483647;
			files = (
				C4130DAC1D40AC0C00AB673F /* main.cpp in Sources */,
			);
			runOnlyForDeploymentPostprocessing = 0;
		};
		C4130DB01D40BE9800AB673F /* Sources */ = {
			isa = PBXSourcesBuildPhase;
			buildActionMask = 2147483647;
			files = (
				C4130DB71D40BE9800AB673F /* main.cpp in Sources */,
			);
			runOnlyForDeploymentPostprocessing = 0;
		};
		C44BB83A1D45BB150058B979 /* Sources */ = {
			isa = PBXSourcesBuildPhase;
			buildActionMask = 2147483647;
			files = (
				C44BB8411D45BB150058B979 /* main.cpp in Sources */,
			);
			runOnlyForDeploymentPostprocessing = 0;
		};
		C44BB8451D45E77B0058B979 /* Sources */ = {
			isa = PBXSourcesBuildPhase;
			buildActionMask = 2147483647;
			files = (
				C44BB84C1D45E77B0058B979 /* main.cpp in Sources */,
			);
			runOnlyForDeploymentPostprocessing = 0;
		};
		C44BB8501D46EA390058B979 /* Sources */ = {
			isa = PBXSourcesBuildPhase;
			buildActionMask = 2147483647;
			files = (
				C44BB8571D46EA390058B979 /* main.cpp in Sources */,
			);
			runOnlyForDeploymentPostprocessing = 0;
		};
		C44BB85B1D4729B90058B979 /* Sources */ = {
			isa = PBXSourcesBuildPhase;
			buildActionMask = 2147483647;
			files = (
				C44BB8621D4729B90058B979 /* main.cpp in Sources */,
			);
			runOnlyForDeploymentPostprocessing = 0;
		};
		C44BB8661D4743510058B979 /* Sources */ = {
			isa = PBXSourcesBuildPhase;
			buildActionMask = 2147483647;
			files = (
				C44BB86D1D4743510058B979 /* main.cpp in Sources */,
			);
			runOnlyForDeploymentPostprocessing = 0;
		};
		C44BB8711D4836B10058B979 /* Sources */ = {
			isa = PBXSourcesBuildPhase;
			buildActionMask = 2147483647;
			files = (
				C44BB8781D4836B10058B979 /* main.cpp in Sources */,
			);
			runOnlyForDeploymentPostprocessing = 0;
		};
		C4D85DB41D41DF540092E613 /* Sources */ = {
			isa = PBXSourcesBuildPhase;
			buildActionMask = 2147483647;
			files = (
				C4D85DBB1D41DF540092E613 /* main.cpp in Sources */,
			);
			runOnlyForDeploymentPostprocessing = 0;
		};
		C4D85DBF1D41ED7A0092E613 /* Sources */ = {
			isa = PBXSourcesBuildPhase;
			buildActionMask = 2147483647;
			files = (
				C4D85DC61D41ED7A0092E613 /* main.cpp in Sources */,
			);
			runOnlyForDeploymentPostprocessing = 0;
		};
		C4D85DCA1D438B600092E613 /* Sources */ = {
			isa = PBXSourcesBuildPhase;
			buildActionMask = 2147483647;
			files = (
				C4D85DD11D438B610092E613 /* main.cpp in Sources */,
			);
			runOnlyForDeploymentPostprocessing = 0;
		};
		C4D85DD61D443F430092E613 /* Sources */ = {
			isa = PBXSourcesBuildPhase;
			buildActionMask = 2147483647;
			files = (
				C4D85DDD1D443F430092E613 /* main.cpp in Sources */,
			);
			runOnlyForDeploymentPostprocessing = 0;
		};
/* End PBXSourcesBuildPhase section */

/* Begin XCBuildConfiguration section */
		C4130DA01D40AA9600AB673F /* Debug */ = {
			isa = XCBuildConfiguration;
			buildSettings = {
				ALWAYS_SEARCH_USER_PATHS = NO;
				CLANG_ANALYZER_NONNULL = YES;
				CLANG_CXX_LANGUAGE_STANDARD = "gnu++0x";
				CLANG_CXX_LIBRARY = "libc++";
				CLANG_ENABLE_MODULES = YES;
				CLANG_ENABLE_OBJC_ARC = YES;
				CLANG_WARN_BOOL_CONVERSION = YES;
				CLANG_WARN_CONSTANT_CONVERSION = YES;
				CLANG_WARN_DIRECT_OBJC_ISA_USAGE = YES_ERROR;
				CLANG_WARN_EMPTY_BODY = YES;
				CLANG_WARN_ENUM_CONVERSION = YES;
				CLANG_WARN_INT_CONVERSION = YES;
				CLANG_WARN_OBJC_ROOT_CLASS = YES_ERROR;
				CLANG_WARN_UNREACHABLE_CODE = YES;
				CLANG_WARN__DUPLICATE_METHOD_MATCH = YES;
				CODE_SIGN_IDENTITY = "-";
				COPY_PHASE_STRIP = NO;
				DEBUG_INFORMATION_FORMAT = dwarf;
				ENABLE_STRICT_OBJC_MSGSEND = YES;
				ENABLE_TESTABILITY = YES;
				GCC_C_LANGUAGE_STANDARD = gnu99;
				GCC_DYNAMIC_NO_PIC = NO;
				GCC_NO_COMMON_BLOCKS = YES;
				GCC_OPTIMIZATION_LEVEL = 0;
				GCC_PREPROCESSOR_DEFINITIONS = (
					"DEBUG=1",
					"$(inherited)",
				);
				GCC_WARN_64_TO_32_BIT_CONVERSION = YES;
				GCC_WARN_ABOUT_RETURN_TYPE = YES_ERROR;
				GCC_WARN_UNDECLARED_SELECTOR = YES;
				GCC_WARN_UNINITIALIZED_AUTOS = YES_AGGRESSIVE;
				GCC_WARN_UNUSED_FUNCTION = YES;
				GCC_WARN_UNUSED_VARIABLE = YES;
				MACOSX_DEPLOYMENT_TARGET = 10.11;
				MTL_ENABLE_DEBUG_INFO = YES;
				ONLY_ACTIVE_ARCH = YES;
				SDKROOT = macosx;
			};
			name = Debug;
		};
		C4130DA11D40AA9600AB673F /* Release */ = {
			isa = XCBuildConfiguration;
			buildSettings = {
				ALWAYS_SEARCH_USER_PATHS = NO;
				CLANG_ANALYZER_NONNULL = YES;
				CLANG_CXX_LANGUAGE_STANDARD = "gnu++0x";
				CLANG_CXX_LIBRARY = "libc++";
				CLANG_ENABLE_MODULES = YES;
				CLANG_ENABLE_OBJC_ARC = YES;
				CLANG_WARN_BOOL_CONVERSION = YES;
				CLANG_WARN_CONSTANT_CONVERSION = YES;
				CLANG_WARN_DIRECT_OBJC_ISA_USAGE = YES_ERROR;
				CLANG_WARN_EMPTY_BODY = YES;
				CLANG_WARN_ENUM_CONVERSION = YES;
				CLANG_WARN_INT_CONVERSION = YES;
				CLANG_WARN_OBJC_ROOT_CLASS = YES_ERROR;
				CLANG_WARN_UNREACHABLE_CODE = YES;
				CLANG_WARN__DUPLICATE_METHOD_MATCH = YES;
				CODE_SIGN_IDENTITY = "-";
				COPY_PHASE_STRIP = NO;
				DEBUG_INFORMATION_FORMAT = "dwarf-with-dsym";
				ENABLE_NS_ASSERTIONS = NO;
				ENABLE_STRICT_OBJC_MSGSEND = YES;
				GCC_C_LANGUAGE_STANDARD = gnu99;
				GCC_NO_COMMON_BLOCKS = YES;
				GCC_WARN_64_TO_32_BIT_CONVERSION = YES;
				GCC_WARN_ABOUT_RETURN_TYPE = YES_ERROR;
				GCC_WARN_UNDECLARED_SELECTOR = YES;
				GCC_WARN_UNINITIALIZED_AUTOS = YES_AGGRESSIVE;
				GCC_WARN_UNUSED_FUNCTION = YES;
				GCC_WARN_UNUSED_VARIABLE = YES;
				MACOSX_DEPLOYMENT_TARGET = 10.11;
				MTL_ENABLE_DEBUG_INFO = NO;
				SDKROOT = macosx;
			};
			name = Release;
		};
		C4130DAE1D40AC0C00AB673F /* Debug */ = {
			isa = XCBuildConfiguration;
			buildSettings = {
				PRODUCT_NAME = "$(TARGET_NAME)";
			};
			name = Debug;
		};
		C4130DAF1D40AC0C00AB673F /* Release */ = {
			isa = XCBuildConfiguration;
			buildSettings = {
				PRODUCT_NAME = "$(TARGET_NAME)";
			};
			name = Release;
		};
		C4130DB91D40BE9800AB673F /* Debug */ = {
			isa = XCBuildConfiguration;
			buildSettings = {
				PRODUCT_NAME = "$(TARGET_NAME)";
			};
			name = Debug;
		};
		C4130DBA1D40BE9800AB673F /* Release */ = {
			isa = XCBuildConfiguration;
			buildSettings = {
				PRODUCT_NAME = "$(TARGET_NAME)";
			};
			name = Release;
		};
		C44BB8421D45BB150058B979 /* Debug */ = {
			isa = XCBuildConfiguration;
			buildSettings = {
				PRODUCT_NAME = "$(TARGET_NAME)";
			};
			name = Debug;
		};
		C44BB8431D45BB150058B979 /* Release */ = {
			isa = XCBuildConfiguration;
			buildSettings = {
				PRODUCT_NAME = "$(TARGET_NAME)";
			};
			name = Release;
		};
		C44BB84E1D45E77B0058B979 /* Debug */ = {
			isa = XCBuildConfiguration;
			buildSettings = {
				PRODUCT_NAME = "$(TARGET_NAME)";
			};
			name = Debug;
		};
		C44BB84F1D45E77B0058B979 /* Release */ = {
			isa = XCBuildConfiguration;
			buildSettings = {
				PRODUCT_NAME = "$(TARGET_NAME)";
			};
			name = Release;
		};
		C44BB8591D46EA390058B979 /* Debug */ = {
			isa = XCBuildConfiguration;
			buildSettings = {
				PRODUCT_NAME = "$(TARGET_NAME)";
			};
			name = Debug;
		};
		C44BB85A1D46EA390058B979 /* Release */ = {
			isa = XCBuildConfiguration;
			buildSettings = {
				PRODUCT_NAME = "$(TARGET_NAME)";
			};
			name = Release;
		};
		C44BB8641D4729B90058B979 /* Debug */ = {
			isa = XCBuildConfiguration;
			buildSettings = {
				PRODUCT_NAME = "$(TARGET_NAME)";
			};
			name = Debug;
		};
		C44BB8651D4729B90058B979 /* Release */ = {
			isa = XCBuildConfiguration;
			buildSettings = {
				PRODUCT_NAME = "$(TARGET_NAME)";
			};
			name = Release;
		};
		C44BB86F1D4743510058B979 /* Debug */ = {
			isa = XCBuildConfiguration;
			buildSettings = {
				PRODUCT_NAME = "$(TARGET_NAME)";
			};
			name = Debug;
		};
		C44BB8701D4743510058B979 /* Release */ = {
			isa = XCBuildConfiguration;
			buildSettings = {
				PRODUCT_NAME = "$(TARGET_NAME)";
			};
			name = Release;
		};
		C44BB87A1D4836B10058B979 /* Debug */ = {
			isa = XCBuildConfiguration;
			buildSettings = {
				PRODUCT_NAME = "$(TARGET_NAME)";
			};
			name = Debug;
		};
		C44BB87B1D4836B10058B979 /* Release */ = {
			isa = XCBuildConfiguration;
			buildSettings = {
				PRODUCT_NAME = "$(TARGET_NAME)";
			};
			name = Release;
		};
		C4D85DBC1D41DF540092E613 /* Debug */ = {
			isa = XCBuildConfiguration;
			buildSettings = {
				PRODUCT_NAME = "$(TARGET_NAME)";
			};
			name = Debug;
		};
		C4D85DBD1D41DF540092E613 /* Release */ = {
			isa = XCBuildConfiguration;
			buildSettings = {
				PRODUCT_NAME = "$(TARGET_NAME)";
			};
			name = Release;
		};
		C4D85DC81D41ED7A0092E613 /* Debug */ = {
			isa = XCBuildConfiguration;
			buildSettings = {
				PRODUCT_NAME = "$(TARGET_NAME)";
			};
			name = Debug;
		};
		C4D85DC91D41ED7A0092E613 /* Release */ = {
			isa = XCBuildConfiguration;
			buildSettings = {
				PRODUCT_NAME = "$(TARGET_NAME)";
			};
			name = Release;
		};
		C4D85DD31D438B610092E613 /* Debug */ = {
			isa = XCBuildConfiguration;
			buildSettings = {
				PRODUCT_NAME = "$(TARGET_NAME)";
			};
			name = Debug;
		};
		C4D85DD41D438B610092E613 /* Release */ = {
			isa = XCBuildConfiguration;
			buildSettings = {
				PRODUCT_NAME = "$(TARGET_NAME)";
			};
			name = Release;
		};
		C4D85DDE1D443F430092E613 /* Debug */ = {
			isa = XCBuildConfiguration;
			buildSettings = {
				PRODUCT_NAME = "$(TARGET_NAME)";
			};
			name = Debug;
		};
		C4D85DDF1D443F430092E613 /* Release */ = {
			isa = XCBuildConfiguration;
			buildSettings = {
				PRODUCT_NAME = "$(TARGET_NAME)";
			};
			name = Release;
		};
/* End XCBuildConfiguration section */

/* Begin XCConfigurationList section */
		C4130D961D40AA9600AB673F /* Build configuration list for PBXProject "LeetCode" */ = {
			isa = XCConfigurationList;
			buildConfigurations = (
				C4130DA01D40AA9600AB673F /* Debug */,
				C4130DA11D40AA9600AB673F /* Release */,
			);
			defaultConfigurationIsVisible = 0;
			defaultConfigurationName = Release;
		};
		C4130DAD1D40AC0C00AB673F /* Build configuration list for PBXNativeTarget "1-Two_Sum" */ = {
			isa = XCConfigurationList;
			buildConfigurations = (
				C4130DAE1D40AC0C00AB673F /* Debug */,
				C4130DAF1D40AC0C00AB673F /* Release */,
			);
			defaultConfigurationIsVisible = 0;
			defaultConfigurationName = Release;
		};
		C4130DB81D40BE9800AB673F /* Build configuration list for PBXNativeTarget "4-Median_of_Two_Sorted_Arrays" */ = {
			isa = XCConfigurationList;
			buildConfigurations = (
				C4130DB91D40BE9800AB673F /* Debug */,
				C4130DBA1D40BE9800AB673F /* Release */,
			);
			defaultConfigurationIsVisible = 0;
			defaultConfigurationName = Release;
		};
		C44BB8441D45BB150058B979 /* Build configuration list for PBXNativeTarget "26-Remove_Duplicates_from_Sorted_Array" */ = {
			isa = XCConfigurationList;
			buildConfigurations = (
				C44BB8421D45BB150058B979 /* Debug */,
				C44BB8431D45BB150058B979 /* Release */,
			);
			defaultConfigurationIsVisible = 0;
		};
		C44BB84D1D45E77B0058B979 /* Build configuration list for PBXNativeTarget "27-Remove_Element" */ = {
			isa = XCConfigurationList;
			buildConfigurations = (
				C44BB84E1D45E77B0058B979 /* Debug */,
				C44BB84F1D45E77B0058B979 /* Release */,
			);
			defaultConfigurationIsVisible = 0;
		};
		C44BB8581D46EA390058B979 /* Build configuration list for PBXNativeTarget "31-Next_Permutation" */ = {
			isa = XCConfigurationList;
			buildConfigurations = (
				C44BB8591D46EA390058B979 /* Debug */,
				C44BB85A1D46EA390058B979 /* Release */,
			);
			defaultConfigurationIsVisible = 0;
		};
		C44BB8631D4729B90058B979 /* Build configuration list for PBXNativeTarget "33-Search_in_Rotated_Sorted_Array" */ = {
			isa = XCConfigurationList;
			buildConfigurations = (
				C44BB8641D4729B90058B979 /* Debug */,
				C44BB8651D4729B90058B979 /* Release */,
			);
			defaultConfigurationIsVisible = 0;
		};
		C44BB86E1D4743510058B979 /* Build configuration list for PBXNativeTarget "34_Search_for_a_Range" */ = {
			isa = XCConfigurationList;
			buildConfigurations = (
				C44BB86F1D4743510058B979 /* Debug */,
				C44BB8701D4743510058B979 /* Release */,
			);
			defaultConfigurationIsVisible = 0;
		};
		C44BB8791D4836B10058B979 /* Build configuration list for PBXNativeTarget "35-Search_Insert_Position" */ = {
			isa = XCConfigurationList;
			buildConfigurations = (
				C44BB87A1D4836B10058B979 /* Debug */,
				C44BB87B1D4836B10058B979 /* Release */,
			);
			defaultConfigurationIsVisible = 0;
		};
		C4D85DBE1D41DF540092E613 /* Build configuration list for PBXNativeTarget "11-Container_With_Most_Water" */ = {
			isa = XCConfigurationList;
			buildConfigurations = (
				C4D85DBC1D41DF540092E613 /* Debug */,
				C4D85DBD1D41DF540092E613 /* Release */,
			);
			defaultConfigurationIsVisible = 0;
			defaultConfigurationName = Release;
		};
		C4D85DC71D41ED7A0092E613 /* Build configuration list for PBXNativeTarget "15-3Sum" */ = {
			isa = XCConfigurationList;
			buildConfigurations = (
				C4D85DC81D41ED7A0092E613 /* Debug */,
				C4D85DC91D41ED7A0092E613 /* Release */,
			);
			defaultConfigurationIsVisible = 0;
			defaultConfigurationName = Release;
		};
		C4D85DD21D438B610092E613 /* Build configuration list for PBXNativeTarget "16-3Sum_Closest" */ = {
			isa = XCConfigurationList;
			buildConfigurations = (
				C4D85DD31D438B610092E613 /* Debug */,
				C4D85DD41D438B610092E613 /* Release */,
			);
			defaultConfigurationIsVisible = 0;
			defaultConfigurationName = Release;
		};
		C4D85DE01D443F430092E613 /* Build configuration list for PBXNativeTarget "18-4Sum" */ = {
			isa = XCConfigurationList;
			buildConfigurations = (
				C4D85DDE1D443F430092E613 /* Debug */,
				C4D85DDF1D443F430092E613 /* Release */,
			);
			defaultConfigurationIsVisible = 0;
			defaultConfigurationName = Release;
		};
/* End XCConfigurationList section */
	};
	rootObject = C4130D931D40AA9600AB673F /* Project object */;
}
